{
  "name": "mapbox-gl-draw-circle",
  "version": "1.1.2",
  "lockfileVersion": 2,
  "requires": true,
  "packages": {
    "": {
      "name": "mapbox-gl-draw-circle",
      "version": "1.1.2",
      "license": "MIT",
      "dependencies": {
        "@mapbox/mapbox-gl-draw": "file:../mapbox-gl-draw",
        "@turf/along": "^6.0.1",
        "@turf/circle": "^6.0.1",
        "@turf/distance": "^6.0.1",
        "@turf/helpers": "^6.1.4",
        "@turf/length": "^6.0.2"
      }
    },
    "../mapbox-gl-draw": {
      "version": "1.3.0",
      "license": "ISC",
      "dependencies": {
        "@mapbox/geojson-area": "^0.2.2",
        "@mapbox/geojson-extent": "^1.0.0",
        "@mapbox/geojson-normalize": "^0.0.1",
        "@mapbox/point-geometry": "^0.1.0",
        "hat": "0.0.3",
        "lodash.isequal": "^4.5.0",
        "xtend": "^4.0.2"
      }
    },
    "node_modules/@mapbox/mapbox-gl-draw": {
      "resolved": "../mapbox-gl-draw",
      "link": true
    },
    "node_modules/@turf/along": {
      "version": "6.0.1",
      "resolved": "https://registry.npmjs.org/@turf/along/-/along-6.0.1.tgz",
      "integrity": "sha512-6PptAcrsFR3o0Flpktk8Vo68W2txEVTh14zjoTVu+H5docd2+pv5/upA77bg3YFBoJgAxmUFt1leDdjReJ44BQ==",
      "dependencies": {
        "@turf/bearing": "6.x",
        "@turf/destination": "6.x",
        "@turf/distance": "6.x",
        "@turf/helpers": "6.x",
        "@turf/invariant": "6.x"
      }
    },
    "node_modules/@turf/bearing": {
      "version": "6.0.1",
      "resolved": "https://registry.npmjs.org/@turf/bearing/-/bearing-6.0.1.tgz",
      "integrity": "sha512-mXY1NozqV9EFfBTbUItujwfqfQF0G/Xe2fzvnZle90ekPEUfhi4Dgf5JswJTd96J9LiT8kcd6Jonp5khnx0wIg==",
      "dependencies": {
        "@turf/helpers": "6.x",
        "@turf/invariant": "6.x"
      }
    },
    "node_modules/@turf/circle": {
      "version": "6.0.1",
      "resolved": "https://registry.npmjs.org/@turf/circle/-/circle-6.0.1.tgz",
      "integrity": "sha512-pF9XsYtCvY9ZyNqJ3hFYem9VaiGdVNQb0SFq/zzDMwH3iWZPPJQHnnDB/3e8RD1VDtBBov9p5uO2k7otsfezjw==",
      "dependencies": {
        "@turf/destination": "6.x",
        "@turf/helpers": "6.x"
      }
    },
    "node_modules/@turf/destination": {
      "version": "6.0.1",
      "resolved": "https://registry.npmjs.org/@turf/destination/-/destination-6.0.1.tgz",
      "integrity": "sha512-MroK4nRdp7as174miCAugp8Uvorhe6rZ7MJiC9Hb4+hZR7gNFJyVKmkdDDXIoCYs6MJQsx0buI+gsCpKwgww0Q==",
      "dependencies": {
        "@turf/helpers": "6.x",
        "@turf/invariant": "6.x"
      }
    },
    "node_modules/@turf/distance": {
      "version": "6.0.1",
      "resolved": "https://registry.npmjs.org/@turf/distance/-/distance-6.0.1.tgz",
      "integrity": "sha512-q7t7rWIWfkg7MP1Vt4uLjSEhe5rPfCO2JjpKmk7JC+QZKEQkuvHEqy3ejW1iC7Kw5ZcZNR3qdMGGz+6HnVwqvg==",
      "dependencies": {
        "@turf/helpers": "6.x",
        "@turf/invariant": "6.x"
      }
    },
    "node_modules/@turf/helpers": {
      "version": "6.1.4",
      "resolved": "https://registry.npmjs.org/@turf/helpers/-/helpers-6.1.4.tgz",
      "integrity": "sha512-vJvrdOZy1ngC7r3MDA7zIGSoIgyrkWcGnNIEaqn/APmw+bVLF2gAW7HIsdTxd12s5wQMqEpqIQrmrbRRZ0xC7g=="
    },
    "node_modules/@turf/invariant": {
      "version": "6.1.2",
      "resolved": "https://registry.npmjs.org/@turf/invariant/-/invariant-6.1.2.tgz",
      "integrity": "sha512-WU08Ph8j0J2jVGlQCKChXoCtI50BB3yEH21V++V0T4cR1T27HKCxkehV2sYMwTierfMBgjwSwDIsxnR4/2mWXg==",
      "dependencies": {
        "@turf/helpers": "6.x"
      }
    },
    "node_modules/@turf/length": {
      "version": "6.0.2",
      "resolved": "https://registry.npmjs.org/@turf/length/-/length-6.0.2.tgz",
      "integrity": "sha512-nyfXMowVtX2dICEG7u7EGC2SMaauVUWIMc9eWQrEauNA/9aw+7wbiuip4GPBoyeXEUUekF0EOjJn5aB9Zc8CzA==",
      "dependencies": {
        "@turf/distance": "6.x",
        "@turf/helpers": "6.x",
        "@turf/meta": "6.x"
      }
    },
    "node_modules/@turf/meta": {
      "version": "6.0.2",
      "resolved": "https://registry.npmjs.org/@turf/meta/-/meta-6.0.2.tgz",
      "integrity": "sha512-VA7HJkx7qF1l3+GNGkDVn2oXy4+QoLP6LktXAaZKjuT1JI0YESat7quUkbCMy4zP9lAUuvS4YMslLyTtr919FA==",
      "dependencies": {
        "@turf/helpers": "6.x"
      }
    }
  },
  "dependencies": {
    "@mapbox/mapbox-gl-draw": {
      "version": "file:../mapbox-gl-draw",
      "requires": {
        "@mapbox/geojson-area": "^0.2.2",
        "@mapbox/geojson-extent": "^1.0.0",
        "@mapbox/geojson-normalize": "^0.0.1",
        "@mapbox/point-geometry": "^0.1.0",
        "hat": "0.0.3",
        "lodash.isequal": "^4.5.0",
        "xtend": "^4.0.2"
      }
    },
    "@turf/along": {
      "version": "6.0.1",
      "resolved": "https://registry.npmjs.org/@turf/along/-/along-6.0.1.tgz",
      "integrity": "sha512-6PptAcrsFR3o0Flpktk8Vo68W2txEVTh14zjoTVu+H5docd2+pv5/upA77bg3YFBoJgAxmUFt1leDdjReJ44BQ==",
      "requires": {
        "@turf/bearing": "6.x",
        "@turf/destination": "6.x",
        "@turf/distance": "6.x",
        "@turf/helpers": "6.x",
        "@turf/invariant": "6.x"
      }
    },
    "@turf/bearing": {
      "version": "6.0.1",
      "resolved": "https://registry.npmjs.org/@turf/bearing/-/bearing-6.0.1.tgz",
      "integrity": "sha512-mXY1NozqV9EFfBTbUItujwfqfQF0G/Xe2fzvnZle90ekPEUfhi4Dgf5JswJTd96J9LiT8kcd6Jonp5khnx0wIg==",
      "requires": {
        "@turf/helpers": "6.x",
        "@turf/invariant": "6.x"
      }
    },
    "@turf/circle": {
      "version": "6.0.1",
      "resolved": "https://registry.npmjs.org/@turf/circle/-/circle-6.0.1.tgz",
      "integrity": "sha512-pF9XsYtCvY9ZyNqJ3hFYem9VaiGdVNQb0SFq/zzDMwH3iWZPPJQHnnDB/3e8RD1VDtBBov9p5uO2k7otsfezjw==",
      "requires": {
        "@turf/destination": "6.x",
        "@turf/helpers": "6.x"
      }
    },
    "@turf/destination": {
      "version": "6.0.1",
      "resolved": "https://registry.npmjs.org/@turf/destination/-/destination-6.0.1.tgz",
      "integrity": "sha512-MroK4nRdp7as174miCAugp8Uvorhe6rZ7MJiC9Hb4+hZR7gNFJyVKmkdDDXIoCYs6MJQsx0buI+gsCpKwgww0Q==",
      "requires": {
        "@turf/helpers": "6.x",
        "@turf/invariant": "6.x"
      }
    },
    "@turf/distance": {
      "version": "6.0.1",
      "resolved": "https://registry.npmjs.org/@turf/distance/-/distance-6.0.1.tgz",
      "integrity": "sha512-q7t7rWIWfkg7MP1Vt4uLjSEhe5rPfCO2JjpKmk7JC+QZKEQkuvHEqy3ejW1iC7Kw5ZcZNR3qdMGGz+6HnVwqvg==",
      "requires": {
        "@turf/helpers": "6.x",
        "@turf/invariant": "6.x"
      }
    },
    "@turf/helpers": {
      "version": "6.1.4",
      "resolved": "https://registry.npmjs.org/@turf/helpers/-/helpers-6.1.4.tgz",
      "integrity": "sha512-vJvrdOZy1ngC7r3MDA7zIGSoIgyrkWcGnNIEaqn/APmw+bVLF2gAW7HIsdTxd12s5wQMqEpqIQrmrbRRZ0xC7g=="
    },
    "@turf/invariant": {
      "version": "6.1.2",
      "resolved": "https://registry.npmjs.org/@turf/invariant/-/invariant-6.1.2.tgz",
      "integrity": "sha512-WU08Ph8j0J2jVGlQCKChXoCtI50BB3yEH21V++V0T4cR1T27HKCxkehV2sYMwTierfMBgjwSwDIsxnR4/2mWXg==",
      "requires": {
        "@turf/helpers": "6.x"
      }
    },
    "@turf/length": {
      "version": "6.0.2",
      "resolved": "https://registry.npmjs.org/@turf/length/-/length-6.0.2.tgz",
      "integrity": "sha512-nyfXMowVtX2dICEG7u7EGC2SMaauVUWIMc9eWQrEauNA/9aw+7wbiuip4GPBoyeXEUUekF0EOjJn5aB9Zc8CzA==",
      "requires": {
        "@turf/distance": "6.x",
        "@turf/helpers": "6.x",
        "@turf/meta": "6.x"
      }
    },
    "@turf/meta": {
      "version": "6.0.2",
      "resolved": "https://registry.npmjs.org/@turf/meta/-/meta-6.0.2.tgz",
      "integrity": "sha512-VA7HJkx7qF1l3+GNGkDVn2oXy4+QoLP6LktXAaZKjuT1JI0YESat7quUkbCMy4zP9lAUuvS4YMslLyTtr919FA==",
      "requires": {
        "@turf/helpers": "6.x"
      }
    }
  }
}
